# This file is generated by running "yarn install" inside your project.
# Manual changes might be lost - proceed with caution!

__metadata:
  version: 6
  cacheKey: 8

"@rescript/core@npm:^0.5.0":
  version: 0.5.0
  resolution: "@rescript/core@npm:0.5.0"
  peerDependencies:
    rescript: "*"
  checksum: 832b91e65bd3215159dd4d424c09f02c18eec256c08483e804a426a97367933569fb224c50f04453ed4898eed9ab9d40395dd2d235064a9a5184003846c01ad9
  languageName: node
  linkType: hard

"@types/prop-types@npm:*":
  version: 15.7.5
  resolution: "@types/prop-types@npm:15.7.5"
  checksum: 5b43b8b15415e1f298243165f1d44390403bb2bd42e662bca3b5b5633fdd39c938e91b7fce3a9483699db0f7a715d08cef220c121f723a634972fdf596aec980
  languageName: node
  linkType: hard

"@types/react-dom@npm:^17.0.11":
  version: 17.0.20
  resolution: "@types/react-dom@npm:17.0.20"
  dependencies:
    "@types/react": ^17
  checksum: 525439fb14a033fc5dbe74711ecc50ec82273a528df9656594066a6219401e975101dafffd15d9a1a57a9442d52ea0c92eaacae09554dde27cd792e773f67467
  languageName: node
  linkType: hard

"@types/react-dom@npm:^18.2.7":
  version: 18.2.7
  resolution: "@types/react-dom@npm:18.2.7"
  dependencies:
    "@types/react": "*"
  checksum: e02ea908289a7ad26053308248d2b87f6aeafd73d0e2de2a3d435947bcea0422599016ffd1c3e38ff36c42f5e1c87c7417f05b0a157e48649e4a02f21727d54f
  languageName: node
  linkType: hard

"@types/react@npm:*, @types/react@npm:^18.2.17":
  version: 18.2.17
  resolution: "@types/react@npm:18.2.17"
  dependencies:
    "@types/prop-types": "*"
    "@types/scheduler": "*"
    csstype: ^3.0.2
  checksum: 150516b31bd98b635e4a56bcf2af007330b35cccb6e35e902f46a47f0e81e30c46cdacc095e91051bdf2f33e4846e7e62fd51b67e064dc7d15c00e15dfa449d5
  languageName: node
  linkType: hard

"@types/react@npm:^17, @types/react@npm:^17.0.38":
  version: 17.0.62
  resolution: "@types/react@npm:17.0.62"
  dependencies:
    "@types/prop-types": "*"
    "@types/scheduler": "*"
    csstype: ^3.0.2
  checksum: 428a5aff44824ef504e9a9259b5894fe44a5db1c344b536990f07e132900ff5b34cbef0be77a84f30f37be1f88fc8b56dce328f568de8d65de3bfe414c05b2e1
  languageName: node
  linkType: hard

"@types/scheduler@npm:*":
  version: 0.16.3
  resolution: "@types/scheduler@npm:0.16.3"
  checksum: 2b0aec39c24268e3ce938c5db2f2e77f5c3dd280e05c262d9c2fe7d890929e4632a6b8e94334017b66b45e4f92a5aa42ba3356640c2a1175fa37bef2f5200767
  languageName: node
  linkType: hard

"csstype@npm:^3.0.2":
  version: 3.1.2
  resolution: "csstype@npm:3.1.2"
  checksum: e1a52e6c25c1314d6beef5168da704ab29c5186b877c07d822bd0806717d9a265e8493a2e35ca7e68d0f5d472d43fac1cdce70fd79fd0853dff81f3028d857b5
  languageName: node
  linkType: hard

"ramda@npm:^0.29.0":
  version: 0.29.0
  resolution: "ramda@npm:0.29.0"
  checksum: 9ab26c06eb7545cbb7eebcf75526d6ee2fcaae19e338f165b2bf32772121e7b28192d6664d1ba222ff76188ba26ab307342d66e805dbb02c860560adc4d5dd57
  languageName: node
  linkType: hard

"rescript@npm:^10.1.4":
  version: 10.1.4
  resolution: "rescript@npm:10.1.4"
  bin:
    bsc: bsc
    bsrefmt: bsrefmt
    bstracing: lib/bstracing
    rescript: rescript
  checksum: 5bd4b17a9671bc91f369ef56fbd03bba73b4a2cfeab9e09d92f8133f70b62028754914afede07f18d2c1dd877a38a14b2ff5a3b6b90783ea2306b29ff3de54f0
  languageName: node
  linkType: hard

"spcr-settings@npm:^1.2.0":
  version: 1.2.0
  resolution: "spcr-settings@npm:1.2.0"
  dependencies:
    "@types/react": ^17.0.38
    "@types/react-dom": ^17.0.11
  checksum: a422be2118166dfeb015d49b1fef4018d3f3e9146688e771fba76b90cf681ffbe3ecaf23c3e3b545185860bc86e36023dee0de40ca9a08f1bf3a605fed64ddf1
  languageName: node
  linkType: hard

"template-rescript@workspace:.":
  version: 0.0.0-use.local
  resolution: "template-rescript@workspace:."
  dependencies:
    "@rescript/core": ^0.5.0
    "@types/react": ^18.2.17
    "@types/react-dom": ^18.2.7
    ramda: ^0.29.0
    rescript: ^10.1.4
    spcr-settings: ^1.2.0
  languageName: unknown
  linkType: soft
